// !$*UTF8*$!
{
	archiveVersion = 1;
	classes = {
	};
	objectVersion = 56;
	objects = {

/* Begin PBXBuildFile section */
		095AA452A8B2BA31AD9EEC4A /* Pods_iOS_Example.framework in Frameworks */ = {isa = PBXBuildFile; fileRef = 644F714E4AACA8FB338D1979 /* Pods_iOS_Example.framework */; };
		8565A838298BF57300FFE2FD /* AppDelegate.swift in Sources */ = {isa = PBXBuildFile; fileRef = 8565A837298BF57300FFE2FD /* AppDelegate.swift */; };
		8565A83C298BF57300FFE2FD /* ViewController.swift in Sources */ = {isa = PBXBuildFile; fileRef = 8565A83B298BF57300FFE2FD /* ViewController.swift */; };
		8565A83F298BF57300FFE2FD /* Main.storyboard in Resources */ = {isa = PBXBuildFile; fileRef = 8565A83D298BF57300FFE2FD /* Main.storyboard */; };
		8565A841298BF57400FFE2FD /* Assets.xcassets in Resources */ = {isa = PBXBuildFile; fileRef = 8565A840298BF57400FFE2FD /* Assets.xcassets */; };
		8565A844298BF57400FFE2FD /* LaunchScreen.storyboard in Resources */ = {isa = PBXBuildFile; fileRef = 8565A842298BF57400FFE2FD /* LaunchScreen.storyboard */; };
		8565A871298BF6A800FFE2FD /* IrregularTagListViewController.swift in Sources */ = {isa = PBXBuildFile; fileRef = 8565A869298BF6A800FFE2FD /* IrregularTagListViewController.swift */; };
		8565A872298BF6A800FFE2FD /* IrregularTagListModel.swift in Sources */ = {isa = PBXBuildFile; fileRef = 8565A86A298BF6A800FFE2FD /* IrregularTagListModel.swift */; };
		8565A873298BF6A800FFE2FD /* IrregularTagListCell.swift in Sources */ = {isa = PBXBuildFile; fileRef = 8565A86B298BF6A800FFE2FD /* IrregularTagListCell.swift */; };
		8565A874298BF6A800FFE2FD /* TagListCell.swift in Sources */ = {isa = PBXBuildFile; fileRef = 8565A86D298BF6A800FFE2FD /* TagListCell.swift */; };
		8565A875298BF6A800FFE2FD /* TagListModel.swift in Sources */ = {isa = PBXBuildFile; fileRef = 8565A86E298BF6A800FFE2FD /* TagListModel.swift */; };
		8565A876298BF6A800FFE2FD /* TagListViewController.swift in Sources */ = {isa = PBXBuildFile; fileRef = 8565A86F298BF6A800FFE2FD /* TagListViewController.swift */; };
		8565A878298BF7DB00FFE2FD /* NavigationController.swift in Sources */ = {isa = PBXBuildFile; fileRef = 8565A877298BF7DB00FFE2FD /* NavigationController.swift */; };
		8565A87A298BFBDF00FFE2FD /* IrregularTagListHeaderView.swift in Sources */ = {isa = PBXBuildFile; fileRef = 8565A879298BFBDF00FFE2FD /* IrregularTagListHeaderView.swift */; };
		8565A87C298BFBF300FFE2FD /* IrregularTagListFooterView.swift in Sources */ = {isa = PBXBuildFile; fileRef = 8565A87B298BFBF300FFE2FD /* IrregularTagListFooterView.swift */; };
		85DC9212298FEA2B00F0170D /* DecorationViewController.swift in Sources */ = {isa = PBXBuildFile; fileRef = 85DC9211298FEA2B00F0170D /* DecorationViewController.swift */; };
		85DC9216298FECB700F0170D /* DecorationCell.swift in Sources */ = {isa = PBXBuildFile; fileRef = 85DC9215298FECB700F0170D /* DecorationCell.swift */; };
		85DC9218298FECEC00F0170D /* DecorationHeaderView.swift in Sources */ = {isa = PBXBuildFile; fileRef = 85DC9217298FECEC00F0170D /* DecorationHeaderView.swift */; };
		85DC921A298FECF700F0170D /* DecorationFooterView.swift in Sources */ = {isa = PBXBuildFile; fileRef = 85DC9219298FECF700F0170D /* DecorationFooterView.swift */; };
		85DC921C298FEDBD00F0170D /* DecorationModel.swift in Sources */ = {isa = PBXBuildFile; fileRef = 85DC921B298FEDBD00F0170D /* DecorationModel.swift */; };
		85DC921E298FEF1A00F0170D /* DecorationView.swift in Sources */ = {isa = PBXBuildFile; fileRef = 85DC921D298FEF1A00F0170D /* DecorationView.swift */; };
		D11DCE15298CBDDC0036B5DD /* WaterFlowListViewController.swift in Sources */ = {isa = PBXBuildFile; fileRef = D11DCE14298CBDDC0036B5DD /* WaterFlowListViewController.swift */; };
		D11DCE17298CBDF40036B5DD /* WaterFlowModel.swift in Sources */ = {isa = PBXBuildFile; fileRef = D11DCE16298CBDF40036B5DD /* WaterFlowModel.swift */; };
		D11DCE19298CBE060036B5DD /* WaterFlowListCell.swift in Sources */ = {isa = PBXBuildFile; fileRef = D11DCE18298CBE050036B5DD /* WaterFlowListCell.swift */; };
		D11DCE1B298CBE210036B5DD /* WaterFlowListHeaderView.swift in Sources */ = {isa = PBXBuildFile; fileRef = D11DCE1A298CBE210036B5DD /* WaterFlowListHeaderView.swift */; };
		D11DCE1D298CBE290036B5DD /* WaterFlowListFooterView.swift in Sources */ = {isa = PBXBuildFile; fileRef = D11DCE1C298CBE290036B5DD /* WaterFlowListFooterView.swift */; };
		D11DCE22298CD4B00036B5DD /* MixListViewController.swift in Sources */ = {isa = PBXBuildFile; fileRef = D11DCE21298CD4B00036B5DD /* MixListViewController.swift */; };
		D11DCE24298CD4CA0036B5DD /* MixListModel.swift in Sources */ = {isa = PBXBuildFile; fileRef = D11DCE23298CD4CA0036B5DD /* MixListModel.swift */; };
		D11DCE26298CD4EF0036B5DD /* MixListHeaderView.swift in Sources */ = {isa = PBXBuildFile; fileRef = D11DCE25298CD4EF0036B5DD /* MixListHeaderView.swift */; };
		D11DCE28298CD4F90036B5DD /* MixListFooterView.swift in Sources */ = {isa = PBXBuildFile; fileRef = D11DCE27298CD4F90036B5DD /* MixListFooterView.swift */; };
		D11DCE2A298CD5090036B5DD /* MixListCell.swift in Sources */ = {isa = PBXBuildFile; fileRef = D11DCE29298CD5090036B5DD /* MixListCell.swift */; };
		D14316362992122500669451 /* AutoSizeViewController.swift in Sources */ = {isa = PBXBuildFile; fileRef = D14316352992122500669451 /* AutoSizeViewController.swift */; };
		D14316382992123C00669451 /* AutoSizeHeaderView.swift in Sources */ = {isa = PBXBuildFile; fileRef = D14316372992123B00669451 /* AutoSizeHeaderView.swift */; };
		D143163A2992124A00669451 /* AutoSizeFooterView.swift in Sources */ = {isa = PBXBuildFile; fileRef = D14316392992124A00669451 /* AutoSizeFooterView.swift */; };
		D143163C2992125400669451 /* AutoSizeModel.swift in Sources */ = {isa = PBXBuildFile; fileRef = D143163B2992125400669451 /* AutoSizeModel.swift */; };
		D143163E2992126900669451 /* AutoSizeCell.swift in Sources */ = {isa = PBXBuildFile; fileRef = D143163D2992126900669451 /* AutoSizeCell.swift */; };
		D16363C5299A133700AAD627 /* RowViewController.swift in Sources */ = {isa = PBXBuildFile; fileRef = D16363C4299A133700AAD627 /* RowViewController.swift */; };
		D16363C7299A134600AAD627 /* RowCell.swift in Sources */ = {isa = PBXBuildFile; fileRef = D16363C6299A134600AAD627 /* RowCell.swift */; };
		D16363C9299A135900AAD627 /* RowHeaderView.swift in Sources */ = {isa = PBXBuildFile; fileRef = D16363C8299A135900AAD627 /* RowHeaderView.swift */; };
		D16363CB299A136000AAD627 /* RowFooterView.swift in Sources */ = {isa = PBXBuildFile; fileRef = D16363CA299A136000AAD627 /* RowFooterView.swift */; };
		D16363CD299A137100AAD627 /* RowModel.swift in Sources */ = {isa = PBXBuildFile; fileRef = D16363CC299A137100AAD627 /* RowModel.swift */; };
		D16363D2299A401A00AAD627 /* SwiftyCollectionViewFlowLayout.framework in Frameworks */ = {isa = PBXBuildFile; fileRef = 8565A850298BF58D00FFE2FD /* SwiftyCollectionViewFlowLayout.framework */; };
		D16363D3299A409E00AAD627 /* SwiftyCollectionViewFlowLayout.framework in Frameworks */ = {isa = PBXBuildFile; fileRef = 8565A850298BF58D00FFE2FD /* SwiftyCollectionViewFlowLayout.framework */; };
		D16363D4299A409E00AAD627 /* SwiftyCollectionViewFlowLayout.framework in Embed Frameworks */ = {isa = PBXBuildFile; fileRef = 8565A850298BF58D00FFE2FD /* SwiftyCollectionViewFlowLayout.framework */; settings = {ATTRIBUTES = (CodeSignOnCopy, RemoveHeadersOnCopy, ); }; };
/* End PBXBuildFile section */

/* Begin PBXContainerItemProxy section */
		8565A84F298BF58D00FFE2FD /* PBXContainerItemProxy */ = {
			isa = PBXContainerItemProxy;
			containerPortal = 8565A84B298BF58D00FFE2FD /* SwiftyCollectionViewFlowLayout.xcodeproj */;
			proxyType = 2;
			remoteGlobalIDString = 8565A81F298BF50B00FFE2FD;
			remoteInfo = SwiftyCollectionViewFlowLayout;
		};
/* End PBXContainerItemProxy section */

/* Begin PBXCopyFilesBuildPhase section */
		D16363D5299A409E00AAD627 /* Embed Frameworks */ = {
			isa = PBXCopyFilesBuildPhase;
			buildActionMask = 2147483647;
			dstPath = "";
			dstSubfolderSpec = 10;
			files = (
				D16363D4299A409E00AAD627 /* SwiftyCollectionViewFlowLayout.framework in Embed Frameworks */,
			);
			name = "Embed Frameworks";
			runOnlyForDeploymentPostprocessing = 0;
		};
/* End PBXCopyFilesBuildPhase section */

/* Begin PBXFileReference section */
		644F714E4AACA8FB338D1979 /* Pods_iOS_Example.framework */ = {isa = PBXFileReference; explicitFileType = wrapper.framework; includeInIndex = 0; path = Pods_iOS_Example.framework; sourceTree = BUILT_PRODUCTS_DIR; };
		79148D539FB78D8FA593BB94 /* Pods-iOS Example.debug.xcconfig */ = {isa = PBXFileReference; includeInIndex = 1; lastKnownFileType = text.xcconfig; name = "Pods-iOS Example.debug.xcconfig"; path = "Target Support Files/Pods-iOS Example/Pods-iOS Example.debug.xcconfig"; sourceTree = "<group>"; };
		7D4C4CA1C47E94C0ACBD4113 /* Pods-iOS Example.release.xcconfig */ = {isa = PBXFileReference; includeInIndex = 1; lastKnownFileType = text.xcconfig; name = "Pods-iOS Example.release.xcconfig"; path = "Target Support Files/Pods-iOS Example/Pods-iOS Example.release.xcconfig"; sourceTree = "<group>"; };
		8565A834298BF57300FFE2FD /* iOS Example.app */ = {isa = PBXFileReference; explicitFileType = wrapper.application; includeInIndex = 0; path = "iOS Example.app"; sourceTree = BUILT_PRODUCTS_DIR; };
		8565A837298BF57300FFE2FD /* AppDelegate.swift */ = {isa = PBXFileReference; lastKnownFileType = sourcecode.swift; path = AppDelegate.swift; sourceTree = "<group>"; };
		8565A83B298BF57300FFE2FD /* ViewController.swift */ = {isa = PBXFileReference; lastKnownFileType = sourcecode.swift; path = ViewController.swift; sourceTree = "<group>"; };
		8565A83E298BF57300FFE2FD /* Base */ = {isa = PBXFileReference; lastKnownFileType = file.storyboard; name = Base; path = Base.lproj/Main.storyboard; sourceTree = "<group>"; };
		8565A840298BF57400FFE2FD /* Assets.xcassets */ = {isa = PBXFileReference; lastKnownFileType = folder.assetcatalog; path = Assets.xcassets; sourceTree = "<group>"; };
		8565A843298BF57400FFE2FD /* Base */ = {isa = PBXFileReference; lastKnownFileType = file.storyboard; name = Base; path = Base.lproj/LaunchScreen.storyboard; sourceTree = "<group>"; };
		8565A845298BF57400FFE2FD /* Info.plist */ = {isa = PBXFileReference; lastKnownFileType = text.plist.xml; path = Info.plist; sourceTree = "<group>"; };
		8565A84B298BF58D00FFE2FD /* SwiftyCollectionViewFlowLayout.xcodeproj */ = {isa = PBXFileReference; lastKnownFileType = "wrapper.pb-project"; name = SwiftyCollectionViewFlowLayout.xcodeproj; path = ../SwiftyCollectionViewFlowLayout/SwiftyCollectionViewFlowLayout.xcodeproj; sourceTree = "<group>"; };
		8565A869298BF6A800FFE2FD /* IrregularTagListViewController.swift */ = {isa = PBXFileReference; fileEncoding = 4; lastKnownFileType = sourcecode.swift; path = IrregularTagListViewController.swift; sourceTree = "<group>"; };
		8565A86A298BF6A800FFE2FD /* IrregularTagListModel.swift */ = {isa = PBXFileReference; fileEncoding = 4; lastKnownFileType = sourcecode.swift; path = IrregularTagListModel.swift; sourceTree = "<group>"; };
		8565A86B298BF6A800FFE2FD /* IrregularTagListCell.swift */ = {isa = PBXFileReference; fileEncoding = 4; lastKnownFileType = sourcecode.swift; path = IrregularTagListCell.swift; sourceTree = "<group>"; };
		8565A86D298BF6A800FFE2FD /* TagListCell.swift */ = {isa = PBXFileReference; fileEncoding = 4; lastKnownFileType = sourcecode.swift; path = TagListCell.swift; sourceTree = "<group>"; };
		8565A86E298BF6A800FFE2FD /* TagListModel.swift */ = {isa = PBXFileReference; fileEncoding = 4; lastKnownFileType = sourcecode.swift; path = TagListModel.swift; sourceTree = "<group>"; };
		8565A86F298BF6A800FFE2FD /* TagListViewController.swift */ = {isa = PBXFileReference; fileEncoding = 4; lastKnownFileType = sourcecode.swift; path = TagListViewController.swift; sourceTree = "<group>"; };
		8565A877298BF7DB00FFE2FD /* NavigationController.swift */ = {isa = PBXFileReference; lastKnownFileType = sourcecode.swift; path = NavigationController.swift; sourceTree = "<group>"; };
		8565A879298BFBDF00FFE2FD /* IrregularTagListHeaderView.swift */ = {isa = PBXFileReference; lastKnownFileType = sourcecode.swift; path = IrregularTagListHeaderView.swift; sourceTree = "<group>"; };
		8565A87B298BFBF300FFE2FD /* IrregularTagListFooterView.swift */ = {isa = PBXFileReference; lastKnownFileType = sourcecode.swift; path = IrregularTagListFooterView.swift; sourceTree = "<group>"; };
		85DC9211298FEA2B00F0170D /* DecorationViewController.swift */ = {isa = PBXFileReference; lastKnownFileType = sourcecode.swift; path = DecorationViewController.swift; sourceTree = "<group>"; };
		85DC9215298FECB700F0170D /* DecorationCell.swift */ = {isa = PBXFileReference; lastKnownFileType = sourcecode.swift; path = DecorationCell.swift; sourceTree = "<group>"; };
		85DC9217298FECEC00F0170D /* DecorationHeaderView.swift */ = {isa = PBXFileReference; lastKnownFileType = sourcecode.swift; path = DecorationHeaderView.swift; sourceTree = "<group>"; };
		85DC9219298FECF700F0170D /* DecorationFooterView.swift */ = {isa = PBXFileReference; lastKnownFileType = sourcecode.swift; path = DecorationFooterView.swift; sourceTree = "<group>"; };
		85DC921B298FEDBD00F0170D /* DecorationModel.swift */ = {isa = PBXFileReference; lastKnownFileType = sourcecode.swift; path = DecorationModel.swift; sourceTree = "<group>"; };
		85DC921D298FEF1A00F0170D /* DecorationView.swift */ = {isa = PBXFileReference; lastKnownFileType = sourcecode.swift; path = DecorationView.swift; sourceTree = "<group>"; };
		D11DCE14298CBDDC0036B5DD /* WaterFlowListViewController.swift */ = {isa = PBXFileReference; lastKnownFileType = sourcecode.swift; path = WaterFlowListViewController.swift; sourceTree = "<group>"; };
		D11DCE16298CBDF40036B5DD /* WaterFlowModel.swift */ = {isa = PBXFileReference; lastKnownFileType = sourcecode.swift; path = WaterFlowModel.swift; sourceTree = "<group>"; };
		D11DCE18298CBE050036B5DD /* WaterFlowListCell.swift */ = {isa = PBXFileReference; lastKnownFileType = sourcecode.swift; path = WaterFlowListCell.swift; sourceTree = "<group>"; };
		D11DCE1A298CBE210036B5DD /* WaterFlowListHeaderView.swift */ = {isa = PBXFileReference; lastKnownFileType = sourcecode.swift; path = WaterFlowListHeaderView.swift; sourceTree = "<group>"; };
		D11DCE1C298CBE290036B5DD /* WaterFlowListFooterView.swift */ = {isa = PBXFileReference; lastKnownFileType = sourcecode.swift; path = WaterFlowListFooterView.swift; sourceTree = "<group>"; };
		D11DCE21298CD4B00036B5DD /* MixListViewController.swift */ = {isa = PBXFileReference; lastKnownFileType = sourcecode.swift; path = MixListViewController.swift; sourceTree = "<group>"; };
		D11DCE23298CD4CA0036B5DD /* MixListModel.swift */ = {isa = PBXFileReference; lastKnownFileType = sourcecode.swift; path = MixListModel.swift; sourceTree = "<group>"; };
		D11DCE25298CD4EF0036B5DD /* MixListHeaderView.swift */ = {isa = PBXFileReference; lastKnownFileType = sourcecode.swift; path = MixListHeaderView.swift; sourceTree = "<group>"; };
		D11DCE27298CD4F90036B5DD /* MixListFooterView.swift */ = {isa = PBXFileReference; lastKnownFileType = sourcecode.swift; path = MixListFooterView.swift; sourceTree = "<group>"; };
		D11DCE29298CD5090036B5DD /* MixListCell.swift */ = {isa = PBXFileReference; lastKnownFileType = sourcecode.swift; path = MixListCell.swift; sourceTree = "<group>"; };
		D14316352992122500669451 /* AutoSizeViewController.swift */ = {isa = PBXFileReference; lastKnownFileType = sourcecode.swift; path = AutoSizeViewController.swift; sourceTree = "<group>"; };
		D14316372992123B00669451 /* AutoSizeHeaderView.swift */ = {isa = PBXFileReference; lastKnownFileType = sourcecode.swift; path = AutoSizeHeaderView.swift; sourceTree = "<group>"; };
		D14316392992124A00669451 /* AutoSizeFooterView.swift */ = {isa = PBXFileReference; lastKnownFileType = sourcecode.swift; path = AutoSizeFooterView.swift; sourceTree = "<group>"; };
		D143163B2992125400669451 /* AutoSizeModel.swift */ = {isa = PBXFileReference; lastKnownFileType = sourcecode.swift; path = AutoSizeModel.swift; sourceTree = "<group>"; };
		D143163D2992126900669451 /* AutoSizeCell.swift */ = {isa = PBXFileReference; lastKnownFileType = sourcecode.swift; path = AutoSizeCell.swift; sourceTree = "<group>"; };
		D16363C4299A133700AAD627 /* RowViewController.swift */ = {isa = PBXFileReference; lastKnownFileType = sourcecode.swift; path = RowViewController.swift; sourceTree = "<group>"; };
		D16363C6299A134600AAD627 /* RowCell.swift */ = {isa = PBXFileReference; lastKnownFileType = sourcecode.swift; path = RowCell.swift; sourceTree = "<group>"; };
		D16363C8299A135900AAD627 /* RowHeaderView.swift */ = {isa = PBXFileReference; lastKnownFileType = sourcecode.swift; path = RowHeaderView.swift; sourceTree = "<group>"; };
		D16363CA299A136000AAD627 /* RowFooterView.swift */ = {isa = PBXFileReference; lastKnownFileType = sourcecode.swift; path = RowFooterView.swift; sourceTree = "<group>"; };
		D16363CC299A137100AAD627 /* RowModel.swift */ = {isa = PBXFileReference; lastKnownFileType = sourcecode.swift; path = RowModel.swift; sourceTree = "<group>"; };
/* End PBXFileReference section */

/* Begin PBXFrameworksBuildPhase section */
		8565A831298BF57300FFE2FD /* Frameworks */ = {
			isa = PBXFrameworksBuildPhase;
			buildActionMask = 2147483647;
			files = (
				D16363D2299A401A00AAD627 /* SwiftyCollectionViewFlowLayout.framework in Frameworks */,
				D16363D3299A409E00AAD627 /* SwiftyCollectionViewFlowLayout.framework in Frameworks */,
				095AA452A8B2BA31AD9EEC4A /* Pods_iOS_Example.framework in Frameworks */,
			);
			runOnlyForDeploymentPostprocessing = 0;
		};
/* End PBXFrameworksBuildPhase section */

/* Begin PBXGroup section */
		6EE01B081120607FEACA0E48 /* Pods */ = {
			isa = PBXGroup;
			children = (
				79148D539FB78D8FA593BB94 /* Pods-iOS Example.debug.xcconfig */,
				7D4C4CA1C47E94C0ACBD4113 /* Pods-iOS Example.release.xcconfig */,
			);
			path = Pods;
			sourceTree = "<group>";
		};
		8565A82B298BF57300FFE2FD = {
			isa = PBXGroup;
			children = (
				8565A84B298BF58D00FFE2FD /* SwiftyCollectionViewFlowLayout.xcodeproj */,
				8565A836298BF57300FFE2FD /* iOS Example */,
				8565A835298BF57300FFE2FD /* Products */,
				6EE01B081120607FEACA0E48 /* Pods */,
				D22885B3094F01A3F4CF85E0 /* Frameworks */,
			);
			sourceTree = "<group>";
		};
		8565A835298BF57300FFE2FD /* Products */ = {
			isa = PBXGroup;
			children = (
				8565A834298BF57300FFE2FD /* iOS Example.app */,
			);
			name = Products;
			sourceTree = "<group>";
		};
		8565A836298BF57300FFE2FD /* iOS Example */ = {
			isa = PBXGroup;
			children = (
				8565A837298BF57300FFE2FD /* AppDelegate.swift */,
				8565A877298BF7DB00FFE2FD /* NavigationController.swift */,
				8565A83B298BF57300FFE2FD /* ViewController.swift */,
				8565A867298BF6A800FFE2FD /* Demo */,
				8565A83D298BF57300FFE2FD /* Main.storyboard */,
				8565A840298BF57400FFE2FD /* Assets.xcassets */,
				8565A842298BF57400FFE2FD /* LaunchScreen.storyboard */,
				8565A845298BF57400FFE2FD /* Info.plist */,
			);
			path = "iOS Example";
			sourceTree = "<group>";
		};
		8565A84C298BF58D00FFE2FD /* Products */ = {
			isa = PBXGroup;
			children = (
				8565A850298BF58D00FFE2FD /* SwiftyCollectionViewFlowLayout.framework */,
			);
			name = Products;
			sourceTree = "<group>";
		};
		8565A867298BF6A800FFE2FD /* Demo */ = {
			isa = PBXGroup;
			children = (
				D16363C2299A132700AAD627 /* Row */,
				D14316332992121000669451 /* AutoSize */,
				85DC920F298FEA1100F0170D /* Decoration */,
				D11DCE1F298CD4880036B5DD /* MixList */,
				D11DCE12298CBDA00036B5DD /* WaterFlowList */,
				8565A868298BF6A800FFE2FD /* IrregularTagList */,
				8565A86C298BF6A800FFE2FD /* TagList */,
			);
			path = Demo;
			sourceTree = "<group>";
		};
		8565A868298BF6A800FFE2FD /* IrregularTagList */ = {
			isa = PBXGroup;
			children = (
				8565A869298BF6A800FFE2FD /* IrregularTagListViewController.swift */,
				8565A879298BFBDF00FFE2FD /* IrregularTagListHeaderView.swift */,
				8565A87B298BFBF300FFE2FD /* IrregularTagListFooterView.swift */,
				8565A86A298BF6A800FFE2FD /* IrregularTagListModel.swift */,
				8565A86B298BF6A800FFE2FD /* IrregularTagListCell.swift */,
			);
			path = IrregularTagList;
			sourceTree = "<group>";
		};
		8565A86C298BF6A800FFE2FD /* TagList */ = {
			isa = PBXGroup;
			children = (
				8565A86F298BF6A800FFE2FD /* TagListViewController.swift */,
				8565A86E298BF6A800FFE2FD /* TagListModel.swift */,
				8565A86D298BF6A800FFE2FD /* TagListCell.swift */,
			);
			path = TagList;
			sourceTree = "<group>";
		};
		85DC920F298FEA1100F0170D /* Decoration */ = {
			isa = PBXGroup;
			children = (
				85DC9211298FEA2B00F0170D /* DecorationViewController.swift */,
				85DC9215298FECB700F0170D /* DecorationCell.swift */,
				85DC921B298FEDBD00F0170D /* DecorationModel.swift */,
				85DC9217298FECEC00F0170D /* DecorationHeaderView.swift */,
				85DC9219298FECF700F0170D /* DecorationFooterView.swift */,
				85DC921D298FEF1A00F0170D /* DecorationView.swift */,
			);
			path = Decoration;
			sourceTree = "<group>";
		};
		D11DCE12298CBDA00036B5DD /* WaterFlowList */ = {
			isa = PBXGroup;
			children = (
				D11DCE14298CBDDC0036B5DD /* WaterFlowListViewController.swift */,
				D11DCE16298CBDF40036B5DD /* WaterFlowModel.swift */,
				D11DCE18298CBE050036B5DD /* WaterFlowListCell.swift */,
				D11DCE1A298CBE210036B5DD /* WaterFlowListHeaderView.swift */,
				D11DCE1C298CBE290036B5DD /* WaterFlowListFooterView.swift */,
			);
			path = WaterFlowList;
			sourceTree = "<group>";
		};
		D11DCE1F298CD4880036B5DD /* MixList */ = {
			isa = PBXGroup;
			children = (
				D11DCE21298CD4B00036B5DD /* MixListViewController.swift */,
				D11DCE23298CD4CA0036B5DD /* MixListModel.swift */,
				D11DCE25298CD4EF0036B5DD /* MixListHeaderView.swift */,
				D11DCE27298CD4F90036B5DD /* MixListFooterView.swift */,
				D11DCE29298CD5090036B5DD /* MixListCell.swift */,
			);
			path = MixList;
			sourceTree = "<group>";
		};
		D14316332992121000669451 /* AutoSize */ = {
			isa = PBXGroup;
			children = (
				D14316352992122500669451 /* AutoSizeViewController.swift */,
				D143163D2992126900669451 /* AutoSizeCell.swift */,
				D14316372992123B00669451 /* AutoSizeHeaderView.swift */,
				D14316392992124A00669451 /* AutoSizeFooterView.swift */,
				D143163B2992125400669451 /* AutoSizeModel.swift */,
			);
			path = AutoSize;
			sourceTree = "<group>";
		};
		D16363C2299A132700AAD627 /* Row */ = {
			isa = PBXGroup;
			children = (
				D16363C4299A133700AAD627 /* RowViewController.swift */,
				D16363C6299A134600AAD627 /* RowCell.swift */,
				D16363C8299A135900AAD627 /* RowHeaderView.swift */,
				D16363CA299A136000AAD627 /* RowFooterView.swift */,
				D16363CC299A137100AAD627 /* RowModel.swift */,
			);
			path = Row;
			sourceTree = "<group>";
		};
		D22885B3094F01A3F4CF85E0 /* Frameworks */ = {
			isa = PBXGroup;
			children = (
				644F714E4AACA8FB338D1979 /* Pods_iOS_Example.framework */,
			);
			name = Frameworks;
			sourceTree = "<group>";
		};
/* End PBXGroup section */

/* Begin PBXNativeTarget section */
		8565A833298BF57300FFE2FD /* iOS Example */ = {
			isa = PBXNativeTarget;
			buildConfigurationList = 8565A848298BF57400FFE2FD /* Build configuration list for PBXNativeTarget "iOS Example" */;
			buildPhases = (
				43A89EB7029433349DF84EDF /* [CP] Check Pods Manifest.lock */,
				8565A830298BF57300FFE2FD /* Sources */,
				8565A831298BF57300FFE2FD /* Frameworks */,
				8565A832298BF57300FFE2FD /* Resources */,
				17DE41442470343C79379505 /* [CP] Embed Pods Frameworks */,
				D16363D5299A409E00AAD627 /* Embed Frameworks */,
			);
			buildRules = (
			);
			dependencies = (
			);
			name = "iOS Example";
			productName = "iOS Example";
			productReference = 8565A834298BF57300FFE2FD /* iOS Example.app */;
			productType = "com.apple.product-type.application";
		};
/* End PBXNativeTarget section */

/* Begin PBXProject section */
		8565A82C298BF57300FFE2FD /* Project object */ = {
			isa = PBXProject;
			attributes = {
				BuildIndependentTargetsInParallel = 1;
				LastSwiftUpdateCheck = 1400;
				LastUpgradeCheck = 1400;
				TargetAttributes = {
					8565A833298BF57300FFE2FD = {
						CreatedOnToolsVersion = 14.0;
					};
				};
			};
			buildConfigurationList = 8565A82F298BF57300FFE2FD /* Build configuration list for PBXProject "iOS Example" */;
			compatibilityVersion = "Xcode 14.0";
			developmentRegion = en;
			hasScannedForEncodings = 0;
			knownRegions = (
				en,
				Base,
			);
			mainGroup = 8565A82B298BF57300FFE2FD;
			productRefGroup = 8565A835298BF57300FFE2FD /* Products */;
			projectDirPath = "";
			projectReferences = (
				{
					ProductGroup = 8565A84C298BF58D00FFE2FD /* Products */;
					ProjectRef = 8565A84B298BF58D00FFE2FD /* SwiftyCollectionViewFlowLayout.xcodeproj */;
				},
			);
			projectRoot = "";
			targets = (
				8565A833298BF57300FFE2FD /* iOS Example */,
			);
		};
/* End PBXProject section */

/* Begin PBXReferenceProxy section */
		8565A850298BF58D00FFE2FD /* SwiftyCollectionViewFlowLayout.framework */ = {
			isa = PBXReferenceProxy;
			fileType = wrapper.framework;
			path = SwiftyCollectionViewFlowLayout.framework;
			remoteRef = 8565A84F298BF58D00FFE2FD /* PBXContainerItemProxy */;
			sourceTree = BUILT_PRODUCTS_DIR;
		};
/* End PBXReferenceProxy section */

/* Begin PBXResourcesBuildPhase section */
		8565A832298BF57300FFE2FD /* Resources */ = {
			isa = PBXResourcesBuildPhase;
			buildActionMask = 2147483647;
			files = (
				8565A844298BF57400FFE2FD /* LaunchScreen.storyboard in Resources */,
				8565A841298BF57400FFE2FD /* Assets.xcassets in Resources */,
				8565A83F298BF57300FFE2FD /* Main.storyboard in Resources */,
			);
			runOnlyForDeploymentPostprocessing = 0;
		};
/* End PBXResourcesBuildPhase section */

/* Begin PBXShellScriptBuildPhase section */
		17DE41442470343C79379505 /* [CP] Embed Pods Frameworks */ = {
			isa = PBXShellScriptBuildPhase;
			buildActionMask = 2147483647;
			files = (
			);
			inputFileListPaths = (
				"${PODS_ROOT}/Target Support Files/Pods-iOS Example/Pods-iOS Example-frameworks-${CONFIGURATION}-input-files.xcfilelist",
			);
			name = "[CP] Embed Pods Frameworks";
			outputFileListPaths = (
				"${PODS_ROOT}/Target Support Files/Pods-iOS Example/Pods-iOS Example-frameworks-${CONFIGURATION}-output-files.xcfilelist",
			);
			runOnlyForDeploymentPostprocessing = 0;
			shellPath = /bin/sh;
			shellScript = "\"${PODS_ROOT}/Target Support Files/Pods-iOS Example/Pods-iOS Example-frameworks.sh\"\n";
			showEnvVarsInLog = 0;
		};
		43A89EB7029433349DF84EDF /* [CP] Check Pods Manifest.lock */ = {
			isa = PBXShellScriptBuildPhase;
			buildActionMask = 2147483647;
			files = (
			);
			inputFileListPaths = (
			);
			inputPaths = (
				"${PODS_PODFILE_DIR_PATH}/Podfile.lock",
				"${PODS_ROOT}/Manifest.lock",
			);
			name = "[CP] Check Pods Manifest.lock";
			outputFileListPaths = (
			);
			outputPaths = (
				"$(DERIVED_FILE_DIR)/Pods-iOS Example-checkManifestLockResult.txt",
			);
			runOnlyForDeploymentPostprocessing = 0;
			shellPath = /bin/sh;
			shellScript = "diff \"${PODS_PODFILE_DIR_PATH}/Podfile.lock\" \"${PODS_ROOT}/Manifest.lock\" > /dev/null\nif [ $? != 0 ] ; then\n    # print error to STDERR\n    echo \"error: The sandbox is not in sync with the Podfile.lock. Run 'pod install' or update your CocoaPods installation.\" >&2\n    exit 1\nfi\n# This output is used by Xcode 'outputs' to avoid re-running this script phase.\necho \"SUCCESS\" > \"${SCRIPT_OUTPUT_FILE_0}\"\n";
			showEnvVarsInLog = 0;
		};
/* End PBXShellScriptBuildPhase section */

/* Begin PBXSourcesBuildPhase section */
		8565A830298BF57300FFE2FD /* Sources */ = {
			isa = PBXSourcesBuildPhase;
			buildActionMask = 2147483647;
			files = (
				8565A872298BF6A800FFE2FD /* IrregularTagListModel.swift in Sources */,
				D14316382992123C00669451 /* AutoSizeHeaderView.swift in Sources */,
				D11DCE22298CD4B00036B5DD /* MixListViewController.swift in Sources */,
				8565A871298BF6A800FFE2FD /* IrregularTagListViewController.swift in Sources */,
				8565A874298BF6A800FFE2FD /* TagListCell.swift in Sources */,
				D11DCE26298CD4EF0036B5DD /* MixListHeaderView.swift in Sources */,
				85DC921C298FEDBD00F0170D /* DecorationModel.swift in Sources */,
				D11DCE2A298CD5090036B5DD /* MixListCell.swift in Sources */,
				85DC9212298FEA2B00F0170D /* DecorationViewController.swift in Sources */,
				D16363CB299A136000AAD627 /* RowFooterView.swift in Sources */,
				8565A875298BF6A800FFE2FD /* TagListModel.swift in Sources */,
				D11DCE17298CBDF40036B5DD /* WaterFlowModel.swift in Sources */,
				D143163E2992126900669451 /* AutoSizeCell.swift in Sources */,
				8565A878298BF7DB00FFE2FD /* NavigationController.swift in Sources */,
				8565A873298BF6A800FFE2FD /* IrregularTagListCell.swift in Sources */,
				D16363C5299A133700AAD627 /* RowViewController.swift in Sources */,
				D11DCE24298CD4CA0036B5DD /* MixListModel.swift in Sources */,
				D11DCE28298CD4F90036B5DD /* MixListFooterView.swift in Sources */,
				8565A876298BF6A800FFE2FD /* TagListViewController.swift in Sources */,
				85DC9218298FECEC00F0170D /* DecorationHeaderView.swift in Sources */,
				85DC9216298FECB700F0170D /* DecorationCell.swift in Sources */,
				D143163C2992125400669451 /* AutoSizeModel.swift in Sources */,
				8565A87C298BFBF300FFE2FD /* IrregularTagListFooterView.swift in Sources */,
				D143163A2992124A00669451 /* AutoSizeFooterView.swift in Sources */,
				D11DCE1D298CBE290036B5DD /* WaterFlowListFooterView.swift in Sources */,
				85DC921A298FECF700F0170D /* DecorationFooterView.swift in Sources */,
				D16363C9299A135900AAD627 /* RowHeaderView.swift in Sources */,
				8565A83C298BF57300FFE2FD /* ViewController.swift in Sources */,
				D14316362992122500669451 /* AutoSizeViewController.swift in Sources */,
				D16363C7299A134600AAD627 /* RowCell.swift in Sources */,
				8565A87A298BFBDF00FFE2FD /* IrregularTagListHeaderView.swift in Sources */,
				D11DCE15298CBDDC0036B5DD /* WaterFlowListViewController.swift in Sources */,
				8565A838298BF57300FFE2FD /* AppDelegate.swift in Sources */,
				D11DCE19298CBE060036B5DD /* WaterFlowListCell.swift in Sources */,
				85DC921E298FEF1A00F0170D /* DecorationView.swift in Sources */,
				D16363CD299A137100AAD627 /* RowModel.swift in Sources */,
				D11DCE1B298CBE210036B5DD /* WaterFlowListHeaderView.swift in Sources */,
			);
			runOnlyForDeploymentPostprocessing = 0;
		};
/* End PBXSourcesBuildPhase section */

/* Begin PBXVariantGroup section */
		8565A83D298BF57300FFE2FD /* Main.storyboard */ = {
			isa = PBXVariantGroup;
			children = (
				8565A83E298BF57300FFE2FD /* Base */,
			);
			name = Main.storyboard;
			sourceTree = "<group>";
		};
		8565A842298BF57400FFE2FD /* LaunchScreen.storyboard */ = {
			isa = PBXVariantGroup;
			children = (
				8565A843298BF57400FFE2FD /* Base */,
			);
			name = LaunchScreen.storyboard;
			sourceTree = "<group>";
		};
/* End PBXVariantGroup section */

/* Begin XCBuildConfiguration section */
		8565A846298BF57400FFE2FD /* Debug */ = {
			isa = XCBuildConfiguration;
			buildSettings = {
				ALWAYS_SEARCH_USER_PATHS = NO;
				CLANG_ANALYZER_NONNULL = YES;
				CLANG_ANALYZER_NUMBER_OBJECT_CONVERSION = YES_AGGRESSIVE;
				CLANG_CXX_LANGUAGE_STANDARD = "gnu++20";
				CLANG_ENABLE_MODULES = YES;
				CLANG_ENABLE_OBJC_ARC = YES;
				CLANG_ENABLE_OBJC_WEAK = YES;
				CLANG_WARN_BLOCK_CAPTURE_AUTORELEASING = YES;
				CLANG_WARN_BOOL_CONVERSION = YES;
				CLANG_WARN_COMMA = YES;
				CLANG_WARN_CONSTANT_CONVERSION = YES;
				CLANG_WARN_DEPRECATED_OBJC_IMPLEMENTATIONS = YES;
				CLANG_WARN_DIRECT_OBJC_ISA_USAGE = YES_ERROR;
				CLANG_WARN_DOCUMENTATION_COMMENTS = YES;
				CLANG_WARN_EMPTY_BODY = YES;
				CLANG_WARN_ENUM_CONVERSION = YES;
				CLANG_WARN_INFINITE_RECURSION = YES;
				CLANG_WARN_INT_CONVERSION = YES;
				CLANG_WARN_NON_LITERAL_NULL_CONVERSION = YES;
				CLANG_WARN_OBJC_IMPLICIT_RETAIN_SELF = YES;
				CLANG_WARN_OBJC_LITERAL_CONVERSION = YES;
				CLANG_WARN_OBJC_ROOT_CLASS = YES_ERROR;
				CLANG_WARN_QUOTED_INCLUDE_IN_FRAMEWORK_HEADER = YES;
				CLANG_WARN_RANGE_LOOP_ANALYSIS = YES;
				CLANG_WARN_STRICT_PROTOTYPES = YES;
				CLANG_WARN_SUSPICIOUS_MOVE = YES;
				CLANG_WARN_UNGUARDED_AVAILABILITY = YES_AGGRESSIVE;
				CLANG_WARN_UNREACHABLE_CODE = YES;
				CLANG_WARN__DUPLICATE_METHOD_MATCH = YES;
				COPY_PHASE_STRIP = NO;
				DEBUG_INFORMATION_FORMAT = dwarf;
				ENABLE_STRICT_OBJC_MSGSEND = YES;
				ENABLE_TESTABILITY = YES;
				GCC_C_LANGUAGE_STANDARD = gnu11;
				GCC_DYNAMIC_NO_PIC = NO;
				GCC_NO_COMMON_BLOCKS = YES;
				GCC_OPTIMIZATION_LEVEL = 0;
				GCC_PREPROCESSOR_DEFINITIONS = (
					"DEBUG=1",
					"$(inherited)",
				);
				GCC_WARN_64_TO_32_BIT_CONVERSION = YES;
				GCC_WARN_ABOUT_RETURN_TYPE = YES_ERROR;
				GCC_WARN_UNDECLARED_SELECTOR = YES;
				GCC_WARN_UNINITIALIZED_AUTOS = YES_AGGRESSIVE;
				GCC_WARN_UNUSED_FUNCTION = YES;
				GCC_WARN_UNUSED_VARIABLE = YES;
				IPHONEOS_DEPLOYMENT_TARGET = 11.0;
				MTL_ENABLE_DEBUG_INFO = INCLUDE_SOURCE;
				MTL_FAST_MATH = YES;
				ONLY_ACTIVE_ARCH = YES;
				SDKROOT = iphoneos;
				SWIFT_ACTIVE_COMPILATION_CONDITIONS = DEBUG;
				SWIFT_OPTIMIZATION_LEVEL = "-Onone";
			};
			name = Debug;
		};
		8565A847298BF57400FFE2FD /* Release */ = {
			isa = XCBuildConfiguration;
			buildSettings = {
				ALWAYS_SEARCH_USER_PATHS = NO;
				CLANG_ANALYZER_NONNULL = YES;
				CLANG_ANALYZER_NUMBER_OBJECT_CONVERSION = YES_AGGRESSIVE;
				CLANG_CXX_LANGUAGE_STANDARD = "gnu++20";
				CLANG_ENABLE_MODULES = YES;
				CLANG_ENABLE_OBJC_ARC = YES;
				CLANG_ENABLE_OBJC_WEAK = YES;
				CLANG_WARN_BLOCK_CAPTURE_AUTORELEASING = YES;
				CLANG_WARN_BOOL_CONVERSION = YES;
				CLANG_WARN_COMMA = YES;
				CLANG_WARN_CONSTANT_CONVERSION = YES;
				CLANG_WARN_DEPRECATED_OBJC_IMPLEMENTATIONS = YES;
				CLANG_WARN_DIRECT_OBJC_ISA_USAGE = YES_ERROR;
				CLANG_WARN_DOCUMENTATION_COMMENTS = YES;
				CLANG_WARN_EMPTY_BODY = YES;
				CLANG_WARN_ENUM_CONVERSION = YES;
				CLANG_WARN_INFINITE_RECURSION = YES;
				CLANG_WARN_INT_CONVERSION = YES;
				CLANG_WARN_NON_LITERAL_NULL_CONVERSION = YES;
				CLANG_WARN_OBJC_IMPLICIT_RETAIN_SELF = YES;
				CLANG_WARN_OBJC_LITERAL_CONVERSION = YES;
				CLANG_WARN_OBJC_ROOT_CLASS = YES_ERROR;
				CLANG_WARN_QUOTED_INCLUDE_IN_FRAMEWORK_HEADER = YES;
				CLANG_WARN_RANGE_LOOP_ANALYSIS = YES;
				CLANG_WARN_STRICT_PROTOTYPES = YES;
				CLANG_WARN_SUSPICIOUS_MOVE = YES;
				CLANG_WARN_UNGUARDED_AVAILABILITY = YES_AGGRESSIVE;
				CLANG_WARN_UNREACHABLE_CODE = YES;
				CLANG_WARN__DUPLICATE_METHOD_MATCH = YES;
				COPY_PHASE_STRIP = NO;
				DEBUG_INFORMATION_FORMAT = "dwarf-with-dsym";
				ENABLE_NS_ASSERTIONS = NO;
				ENABLE_STRICT_OBJC_MSGSEND = YES;
				GCC_C_LANGUAGE_STANDARD = gnu11;
				GCC_NO_COMMON_BLOCKS = YES;
				GCC_WARN_64_TO_32_BIT_CONVERSION = YES;
				GCC_WARN_ABOUT_RETURN_TYPE = YES_ERROR;
				GCC_WARN_UNDECLARED_SELECTOR = YES;
				GCC_WARN_UNINITIALIZED_AUTOS = YES_AGGRESSIVE;
				GCC_WARN_UNUSED_FUNCTION = YES;
				GCC_WARN_UNUSED_VARIABLE = YES;
				IPHONEOS_DEPLOYMENT_TARGET = 11.0;
				MTL_ENABLE_DEBUG_INFO = NO;
				MTL_FAST_MATH = YES;
				SDKROOT = iphoneos;
				SWIFT_COMPILATION_MODE = wholemodule;
				SWIFT_OPTIMIZATION_LEVEL = "-O";
				VALIDATE_PRODUCT = YES;
			};
			name = Release;
		};
		8565A849298BF57400FFE2FD /* Debug */ = {
			isa = XCBuildConfiguration;
			baseConfigurationReference = 79148D539FB78D8FA593BB94 /* Pods-iOS Example.debug.xcconfig */;
			buildSettings = {
				ASSETCATALOG_COMPILER_APPICON_NAME = AppIcon;
				ASSETCATALOG_COMPILER_GLOBAL_ACCENT_COLOR_NAME = AccentColor;
				CODE_SIGN_STYLE = Automatic;
				CURRENT_PROJECT_VERSION = 1;
				DEVELOPMENT_TEAM = 2E8NVCJR97;
				GENERATE_INFOPLIST_FILE = YES;
				INFOPLIST_FILE = "iOS Example/Info.plist";
				INFOPLIST_KEY_UIApplicationSupportsIndirectInputEvents = YES;
				INFOPLIST_KEY_UILaunchStoryboardName = LaunchScreen;
				INFOPLIST_KEY_UIMainStoryboardFile = Main;
				INFOPLIST_KEY_UISupportedInterfaceOrientations_iPad = "UIInterfaceOrientationPortrait UIInterfaceOrientationPortraitUpsideDown UIInterfaceOrientationLandscapeLeft UIInterfaceOrientationLandscapeRight";
				INFOPLIST_KEY_UISupportedInterfaceOrientations_iPhone = "UIInterfaceOrientationPortrait UIInterfaceOrientationLandscapeLeft UIInterfaceOrientationLandscapeRight";
				IPHONEOS_DEPLOYMENT_TARGET = 11.0;
				LD_RUNPATH_SEARCH_PATHS = (
					"$(inherited)",
					"@executable_path/Frameworks",
				);
				MARKETING_VERSION = 1.0;
				PRODUCT_BUNDLE_IDENTIFIER = "com.galaxy.iOS-Example";
				PRODUCT_NAME = "$(TARGET_NAME)";
				SWIFT_EMIT_LOC_STRINGS = YES;
				SWIFT_VERSION = 5.0;
				TARGETED_DEVICE_FAMILY = "1,2";
			};
			name = Debug;
		};
		8565A84A298BF57400FFE2FD /* Release */ = {
			isa = XCBuildConfiguration;
			baseConfigurationReference = 7D4C4CA1C47E94C0ACBD4113 /* Pods-iOS Example.release.xcconfig */;
			buildSettings = {
				ASSETCATALOG_COMPILER_APPICON_NAME = AppIcon;
				ASSETCATALOG_COMPILER_GLOBAL_ACCENT_COLOR_NAME = AccentColor;
				CODE_SIGN_STYLE = Automatic;
				CURRENT_PROJECT_VERSION = 1;
				DEVELOPMENT_TEAM = 2E8NVCJR97;
				GENERATE_INFOPLIST_FILE = YES;
				INFOPLIST_FILE = "iOS Example/Info.plist";
				INFOPLIST_KEY_UIApplicationSupportsIndirectInputEvents = YES;
				INFOPLIST_KEY_UILaunchStoryboardName = LaunchScreen;
				INFOPLIST_KEY_UIMainStoryboardFile = Main;
				INFOPLIST_KEY_UISupportedInterfaceOrientations_iPad = "UIInterfaceOrientationPortrait UIInterfaceOrientationPortraitUpsideDown UIInterfaceOrientationLandscapeLeft UIInterfaceOrientationLandscapeRight";
				INFOPLIST_KEY_UISupportedInterfaceOrientations_iPhone = "UIInterfaceOrientationPortrait UIInterfaceOrientationLandscapeLeft UIInterfaceOrientationLandscapeRight";
				IPHONEOS_DEPLOYMENT_TARGET = 11.0;
				LD_RUNPATH_SEARCH_PATHS = (
					"$(inherited)",
					"@executable_path/Frameworks",
				);
				MARKETING_VERSION = 1.0;
				PRODUCT_BUNDLE_IDENTIFIER = "com.galaxy.iOS-Example";
				PRODUCT_NAME = "$(TARGET_NAME)";
				SWIFT_EMIT_LOC_STRINGS = YES;
				SWIFT_VERSION = 5.0;
				TARGETED_DEVICE_FAMILY = "1,2";
			};
			name = Release;
		};
/* End XCBuildConfiguration section */

/* Begin XCConfigurationList section */
		8565A82F298BF57300FFE2FD /* Build configuration list for PBXProject "iOS Example" */ = {
			isa = XCConfigurationList;
			buildConfigurations = (
				8565A846298BF57400FFE2FD /* Debug */,
				8565A847298BF57400FFE2FD /* Release */,
			);
			defaultConfigurationIsVisible = 0;
			defaultConfigurationName = Release;
		};
		8565A848298BF57400FFE2FD /* Build configuration list for PBXNativeTarget "iOS Example" */ = {
			isa = XCConfigurationList;
			buildConfigurations = (
				8565A849298BF57400FFE2FD /* Debug */,
				8565A84A298BF57400FFE2FD /* Release */,
			);
			defaultConfigurationIsVisible = 0;
			defaultConfigurationName = Release;
		};
/* End XCConfigurationList section */
	};
	rootObject = 8565A82C298BF57300FFE2FD /* Project object */;
}
