// !$*UTF8*$!
{
	archiveVersion = 1;
	classes = {
	};
	objectVersion = 56;
	objects = {

/* Begin PBXBuildFile section */
		D1FFCD2C298B991600E9B222 /* AppDelegate.swift in Sources */ = {isa = PBXBuildFile; fileRef = D1FFCD2B298B991600E9B222 /* AppDelegate.swift */; };
		D1FFCD30298B991600E9B222 /* ViewController.swift in Sources */ = {isa = PBXBuildFile; fileRef = D1FFCD2F298B991600E9B222 /* ViewController.swift */; };
		D1FFCD33298B991600E9B222 /* Main.storyboard in Resources */ = {isa = PBXBuildFile; fileRef = D1FFCD31298B991600E9B222 /* Main.storyboard */; };
		D1FFCD35298B991800E9B222 /* Assets.xcassets in Resources */ = {isa = PBXBuildFile; fileRef = D1FFCD34298B991800E9B222 /* Assets.xcassets */; };
		D1FFCD38298B991800E9B222 /* LaunchScreen.storyboard in Resources */ = {isa = PBXBuildFile; fileRef = D1FFCD36298B991800E9B222 /* LaunchScreen.storyboard */; };
		D1FFCD65298B9B8300E9B222 /* IrregularTagListViewController.swift in Sources */ = {isa = PBXBuildFile; fileRef = D1FFCD60298B9B8300E9B222 /* IrregularTagListViewController.swift */; };
		D1FFCD66298B9B8300E9B222 /* TagListCell.swift in Sources */ = {isa = PBXBuildFile; fileRef = D1FFCD62298B9B8300E9B222 /* TagListCell.swift */; };
		D1FFCD67298B9B8300E9B222 /* TagListModel.swift in Sources */ = {isa = PBXBuildFile; fileRef = D1FFCD63298B9B8300E9B222 /* TagListModel.swift */; };
		D1FFCD68298B9B8300E9B222 /* TagListViewController.swift in Sources */ = {isa = PBXBuildFile; fileRef = D1FFCD64298B9B8300E9B222 /* TagListViewController.swift */; };
		D1FFCD72298BB44F00E9B222 /* IrregularTagListModel.swift in Sources */ = {isa = PBXBuildFile; fileRef = D1FFCD71298BB44F00E9B222 /* IrregularTagListModel.swift */; };
		D1FFCD74298BB60300E9B222 /* IrregularTagListCell.swift in Sources */ = {isa = PBXBuildFile; fileRef = D1FFCD73298BB60300E9B222 /* IrregularTagListCell.swift */; };
		F177A06F17B1C4A7A092DB0B /* Pods_iOS_Example.framework in Frameworks */ = {isa = PBXBuildFile; fileRef = CCD7217158A80F07E4F0639E /* Pods_iOS_Example.framework */; };
/* End PBXBuildFile section */

/* Begin PBXContainerItemProxy section */
		D1FFCD43298B992A00E9B222 /* PBXContainerItemProxy */ = {
			isa = PBXContainerItemProxy;
			containerPortal = D1FFCD3F298B992A00E9B222 /* SwiftyCollectionViewFlowLayout.xcodeproj */;
			proxyType = 2;
			remoteGlobalIDString = D1FFCCF4298B981700E9B222;
			remoteInfo = SwiftyCollectionViewFlowLayout;
		};
/* End PBXContainerItemProxy section */

/* Begin PBXFileReference section */
		98854B7AB56BCEDAC41700D9 /* Pods-iOS Example.release.xcconfig */ = {isa = PBXFileReference; includeInIndex = 1; lastKnownFileType = text.xcconfig; name = "Pods-iOS Example.release.xcconfig"; path = "Target Support Files/Pods-iOS Example/Pods-iOS Example.release.xcconfig"; sourceTree = "<group>"; };
		CCD7217158A80F07E4F0639E /* Pods_iOS_Example.framework */ = {isa = PBXFileReference; explicitFileType = wrapper.framework; includeInIndex = 0; path = Pods_iOS_Example.framework; sourceTree = BUILT_PRODUCTS_DIR; };
		D1FFCD28298B991600E9B222 /* iOS Example.app */ = {isa = PBXFileReference; explicitFileType = wrapper.application; includeInIndex = 0; path = "iOS Example.app"; sourceTree = BUILT_PRODUCTS_DIR; };
		D1FFCD2B298B991600E9B222 /* AppDelegate.swift */ = {isa = PBXFileReference; lastKnownFileType = sourcecode.swift; path = AppDelegate.swift; sourceTree = "<group>"; };
		D1FFCD2F298B991600E9B222 /* ViewController.swift */ = {isa = PBXFileReference; lastKnownFileType = sourcecode.swift; path = ViewController.swift; sourceTree = "<group>"; };
		D1FFCD32298B991600E9B222 /* Base */ = {isa = PBXFileReference; lastKnownFileType = file.storyboard; name = Base; path = Base.lproj/Main.storyboard; sourceTree = "<group>"; };
		D1FFCD34298B991800E9B222 /* Assets.xcassets */ = {isa = PBXFileReference; lastKnownFileType = folder.assetcatalog; path = Assets.xcassets; sourceTree = "<group>"; };
		D1FFCD37298B991800E9B222 /* Base */ = {isa = PBXFileReference; lastKnownFileType = file.storyboard; name = Base; path = Base.lproj/LaunchScreen.storyboard; sourceTree = "<group>"; };
		D1FFCD39298B991800E9B222 /* Info.plist */ = {isa = PBXFileReference; lastKnownFileType = text.plist.xml; path = Info.plist; sourceTree = "<group>"; };
		D1FFCD3F298B992A00E9B222 /* SwiftyCollectionViewFlowLayout.xcodeproj */ = {isa = PBXFileReference; lastKnownFileType = "wrapper.pb-project"; name = SwiftyCollectionViewFlowLayout.xcodeproj; path = ../SwiftyCollectionViewFlowLayout.xcodeproj; sourceTree = "<group>"; };
		D1FFCD60298B9B8300E9B222 /* IrregularTagListViewController.swift */ = {isa = PBXFileReference; fileEncoding = 4; lastKnownFileType = sourcecode.swift; path = IrregularTagListViewController.swift; sourceTree = "<group>"; };
		D1FFCD62298B9B8300E9B222 /* TagListCell.swift */ = {isa = PBXFileReference; fileEncoding = 4; lastKnownFileType = sourcecode.swift; path = TagListCell.swift; sourceTree = "<group>"; };
		D1FFCD63298B9B8300E9B222 /* TagListModel.swift */ = {isa = PBXFileReference; fileEncoding = 4; lastKnownFileType = sourcecode.swift; path = TagListModel.swift; sourceTree = "<group>"; };
		D1FFCD64298B9B8300E9B222 /* TagListViewController.swift */ = {isa = PBXFileReference; fileEncoding = 4; lastKnownFileType = sourcecode.swift; path = TagListViewController.swift; sourceTree = "<group>"; };
		D1FFCD71298BB44F00E9B222 /* IrregularTagListModel.swift */ = {isa = PBXFileReference; lastKnownFileType = sourcecode.swift; path = IrregularTagListModel.swift; sourceTree = "<group>"; };
		D1FFCD73298BB60300E9B222 /* IrregularTagListCell.swift */ = {isa = PBXFileReference; lastKnownFileType = sourcecode.swift; path = IrregularTagListCell.swift; sourceTree = "<group>"; };
		F184436BBDD162A423CC51D1 /* Pods-iOS Example.debug.xcconfig */ = {isa = PBXFileReference; includeInIndex = 1; lastKnownFileType = text.xcconfig; name = "Pods-iOS Example.debug.xcconfig"; path = "Target Support Files/Pods-iOS Example/Pods-iOS Example.debug.xcconfig"; sourceTree = "<group>"; };
/* End PBXFileReference section */

/* Begin PBXFrameworksBuildPhase section */
		D1FFCD25298B991600E9B222 /* Frameworks */ = {
			isa = PBXFrameworksBuildPhase;
			buildActionMask = 2147483647;
			files = (
				F177A06F17B1C4A7A092DB0B /* Pods_iOS_Example.framework in Frameworks */,
			);
			runOnlyForDeploymentPostprocessing = 0;
		};
/* End PBXFrameworksBuildPhase section */

/* Begin PBXGroup section */
		4A03BFDC80A12D54DDF96EF6 /* Pods */ = {
			isa = PBXGroup;
			children = (
				F184436BBDD162A423CC51D1 /* Pods-iOS Example.debug.xcconfig */,
				98854B7AB56BCEDAC41700D9 /* Pods-iOS Example.release.xcconfig */,
			);
			path = Pods;
			sourceTree = "<group>";
		};
		5B5718131A7FBDA97DFE8ED3 /* Frameworks */ = {
			isa = PBXGroup;
			children = (
				CCD7217158A80F07E4F0639E /* Pods_iOS_Example.framework */,
			);
			name = Frameworks;
			sourceTree = "<group>";
		};
		D1FFCD1F298B991600E9B222 = {
			isa = PBXGroup;
			children = (
				D1FFCD3F298B992A00E9B222 /* SwiftyCollectionViewFlowLayout.xcodeproj */,
				D1FFCD2A298B991600E9B222 /* iOS Example */,
				D1FFCD29298B991600E9B222 /* Products */,
				4A03BFDC80A12D54DDF96EF6 /* Pods */,
				5B5718131A7FBDA97DFE8ED3 /* Frameworks */,
			);
			sourceTree = "<group>";
		};
		D1FFCD29298B991600E9B222 /* Products */ = {
			isa = PBXGroup;
			children = (
				D1FFCD28298B991600E9B222 /* iOS Example.app */,
			);
			name = Products;
			sourceTree = "<group>";
		};
		D1FFCD2A298B991600E9B222 /* iOS Example */ = {
			isa = PBXGroup;
			children = (
				D1FFCD2B298B991600E9B222 /* AppDelegate.swift */,
				D1FFCD2F298B991600E9B222 /* ViewController.swift */,
				D1FFCD5E298B9B8300E9B222 /* Demo */,
				D1FFCD31298B991600E9B222 /* Main.storyboard */,
				D1FFCD34298B991800E9B222 /* Assets.xcassets */,
				D1FFCD36298B991800E9B222 /* LaunchScreen.storyboard */,
				D1FFCD39298B991800E9B222 /* Info.plist */,
			);
			path = "iOS Example";
			sourceTree = "<group>";
		};
		D1FFCD40298B992A00E9B222 /* Products */ = {
			isa = PBXGroup;
			children = (
				D1FFCD44298B992A00E9B222 /* SwiftyCollectionViewFlowLayout.framework */,
			);
			name = Products;
			sourceTree = "<group>";
		};
		D1FFCD5E298B9B8300E9B222 /* Demo */ = {
			isa = PBXGroup;
			children = (
				D1FFCD5F298B9B8300E9B222 /* IrregularTagList */,
				D1FFCD61298B9B8300E9B222 /* TagList */,
			);
			path = Demo;
			sourceTree = "<group>";
		};
		D1FFCD5F298B9B8300E9B222 /* IrregularTagList */ = {
			isa = PBXGroup;
			children = (
				D1FFCD60298B9B8300E9B222 /* IrregularTagListViewController.swift */,
				D1FFCD71298BB44F00E9B222 /* IrregularTagListModel.swift */,
				D1FFCD73298BB60300E9B222 /* IrregularTagListCell.swift */,
			);
			path = IrregularTagList;
			sourceTree = "<group>";
		};
		D1FFCD61298B9B8300E9B222 /* TagList */ = {
			isa = PBXGroup;
			children = (
				D1FFCD64298B9B8300E9B222 /* TagListViewController.swift */,
				D1FFCD62298B9B8300E9B222 /* TagListCell.swift */,
				D1FFCD63298B9B8300E9B222 /* TagListModel.swift */,
			);
			path = TagList;
			sourceTree = "<group>";
		};
/* End PBXGroup section */

/* Begin PBXNativeTarget section */
		D1FFCD27298B991600E9B222 /* iOS Example */ = {
			isa = PBXNativeTarget;
			buildConfigurationList = D1FFCD3C298B991800E9B222 /* Build configuration list for PBXNativeTarget "iOS Example" */;
			buildPhases = (
				662D490ED0EF618E313FEA78 /* [CP] Check Pods Manifest.lock */,
				D1FFCD24298B991600E9B222 /* Sources */,
				D1FFCD25298B991600E9B222 /* Frameworks */,
				D1FFCD26298B991600E9B222 /* Resources */,
				06A28F149603E0AE9FCA6030 /* [CP] Embed Pods Frameworks */,
			);
			buildRules = (
			);
			dependencies = (
			);
			name = "iOS Example";
			productName = "iOS Example";
			productReference = D1FFCD28298B991600E9B222 /* iOS Example.app */;
			productType = "com.apple.product-type.application";
		};
/* End PBXNativeTarget section */

/* Begin PBXProject section */
		D1FFCD20298B991600E9B222 /* Project object */ = {
			isa = PBXProject;
			attributes = {
				BuildIndependentTargetsInParallel = 1;
				LastSwiftUpdateCheck = 1410;
				LastUpgradeCheck = 1410;
				TargetAttributes = {
					D1FFCD27298B991600E9B222 = {
						CreatedOnToolsVersion = 14.1;
					};
				};
			};
			buildConfigurationList = D1FFCD23298B991600E9B222 /* Build configuration list for PBXProject "iOS Example" */;
			compatibilityVersion = "Xcode 14.0";
			developmentRegion = en;
			hasScannedForEncodings = 0;
			knownRegions = (
				en,
				Base,
			);
			mainGroup = D1FFCD1F298B991600E9B222;
			productRefGroup = D1FFCD29298B991600E9B222 /* Products */;
			projectDirPath = "";
			projectReferences = (
				{
					ProductGroup = D1FFCD40298B992A00E9B222 /* Products */;
					ProjectRef = D1FFCD3F298B992A00E9B222 /* SwiftyCollectionViewFlowLayout.xcodeproj */;
				},
			);
			projectRoot = "";
			targets = (
				D1FFCD27298B991600E9B222 /* iOS Example */,
			);
		};
/* End PBXProject section */

/* Begin PBXReferenceProxy section */
		D1FFCD44298B992A00E9B222 /* SwiftyCollectionViewFlowLayout.framework */ = {
			isa = PBXReferenceProxy;
			fileType = wrapper.framework;
			path = SwiftyCollectionViewFlowLayout.framework;
			remoteRef = D1FFCD43298B992A00E9B222 /* PBXContainerItemProxy */;
			sourceTree = BUILT_PRODUCTS_DIR;
		};
/* End PBXReferenceProxy section */

/* Begin PBXResourcesBuildPhase section */
		D1FFCD26298B991600E9B222 /* Resources */ = {
			isa = PBXResourcesBuildPhase;
			buildActionMask = 2147483647;
			files = (
				D1FFCD38298B991800E9B222 /* LaunchScreen.storyboard in Resources */,
				D1FFCD35298B991800E9B222 /* Assets.xcassets in Resources */,
				D1FFCD33298B991600E9B222 /* Main.storyboard in Resources */,
			);
			runOnlyForDeploymentPostprocessing = 0;
		};
/* End PBXResourcesBuildPhase section */

/* Begin PBXShellScriptBuildPhase section */
		06A28F149603E0AE9FCA6030 /* [CP] Embed Pods Frameworks */ = {
			isa = PBXShellScriptBuildPhase;
			buildActionMask = 2147483647;
			files = (
			);
			inputFileListPaths = (
				"${PODS_ROOT}/Target Support Files/Pods-iOS Example/Pods-iOS Example-frameworks-${CONFIGURATION}-input-files.xcfilelist",
			);
			name = "[CP] Embed Pods Frameworks";
			outputFileListPaths = (
				"${PODS_ROOT}/Target Support Files/Pods-iOS Example/Pods-iOS Example-frameworks-${CONFIGURATION}-output-files.xcfilelist",
			);
			runOnlyForDeploymentPostprocessing = 0;
			shellPath = /bin/sh;
			shellScript = "\"${PODS_ROOT}/Target Support Files/Pods-iOS Example/Pods-iOS Example-frameworks.sh\"\n";
			showEnvVarsInLog = 0;
		};
		662D490ED0EF618E313FEA78 /* [CP] Check Pods Manifest.lock */ = {
			isa = PBXShellScriptBuildPhase;
			buildActionMask = 2147483647;
			files = (
			);
			inputFileListPaths = (
			);
			inputPaths = (
				"${PODS_PODFILE_DIR_PATH}/Podfile.lock",
				"${PODS_ROOT}/Manifest.lock",
			);
			name = "[CP] Check Pods Manifest.lock";
			outputFileListPaths = (
			);
			outputPaths = (
				"$(DERIVED_FILE_DIR)/Pods-iOS Example-checkManifestLockResult.txt",
			);
			runOnlyForDeploymentPostprocessing = 0;
			shellPath = /bin/sh;
			shellScript = "diff \"${PODS_PODFILE_DIR_PATH}/Podfile.lock\" \"${PODS_ROOT}/Manifest.lock\" > /dev/null\nif [ $? != 0 ] ; then\n    # print error to STDERR\n    echo \"error: The sandbox is not in sync with the Podfile.lock. Run 'pod install' or update your CocoaPods installation.\" >&2\n    exit 1\nfi\n# This output is used by Xcode 'outputs' to avoid re-running this script phase.\necho \"SUCCESS\" > \"${SCRIPT_OUTPUT_FILE_0}\"\n";
			showEnvVarsInLog = 0;
		};
/* End PBXShellScriptBuildPhase section */

/* Begin PBXSourcesBuildPhase section */
		D1FFCD24298B991600E9B222 /* Sources */ = {
			isa = PBXSourcesBuildPhase;
			buildActionMask = 2147483647;
			files = (
				D1FFCD72298BB44F00E9B222 /* IrregularTagListModel.swift in Sources */,
				D1FFCD66298B9B8300E9B222 /* TagListCell.swift in Sources */,
				D1FFCD74298BB60300E9B222 /* IrregularTagListCell.swift in Sources */,
				D1FFCD65298B9B8300E9B222 /* IrregularTagListViewController.swift in Sources */,
				D1FFCD30298B991600E9B222 /* ViewController.swift in Sources */,
				D1FFCD68298B9B8300E9B222 /* TagListViewController.swift in Sources */,
				D1FFCD67298B9B8300E9B222 /* TagListModel.swift in Sources */,
				D1FFCD2C298B991600E9B222 /* AppDelegate.swift in Sources */,
			);
			runOnlyForDeploymentPostprocessing = 0;
		};
/* End PBXSourcesBuildPhase section */

/* Begin PBXVariantGroup section */
		D1FFCD31298B991600E9B222 /* Main.storyboard */ = {
			isa = PBXVariantGroup;
			children = (
				D1FFCD32298B991600E9B222 /* Base */,
			);
			name = Main.storyboard;
			sourceTree = "<group>";
		};
		D1FFCD36298B991800E9B222 /* LaunchScreen.storyboard */ = {
			isa = PBXVariantGroup;
			children = (
				D1FFCD37298B991800E9B222 /* Base */,
			);
			name = LaunchScreen.storyboard;
			sourceTree = "<group>";
		};
/* End PBXVariantGroup section */

/* Begin XCBuildConfiguration section */
		D1FFCD3A298B991800E9B222 /* Debug */ = {
			isa = XCBuildConfiguration;
			buildSettings = {
				ALWAYS_SEARCH_USER_PATHS = NO;
				CLANG_ANALYZER_NONNULL = YES;
				CLANG_ANALYZER_NUMBER_OBJECT_CONVERSION = YES_AGGRESSIVE;
				CLANG_CXX_LANGUAGE_STANDARD = "gnu++20";
				CLANG_ENABLE_MODULES = YES;
				CLANG_ENABLE_OBJC_ARC = YES;
				CLANG_ENABLE_OBJC_WEAK = YES;
				CLANG_WARN_BLOCK_CAPTURE_AUTORELEASING = YES;
				CLANG_WARN_BOOL_CONVERSION = YES;
				CLANG_WARN_COMMA = YES;
				CLANG_WARN_CONSTANT_CONVERSION = YES;
				CLANG_WARN_DEPRECATED_OBJC_IMPLEMENTATIONS = YES;
				CLANG_WARN_DIRECT_OBJC_ISA_USAGE = YES_ERROR;
				CLANG_WARN_DOCUMENTATION_COMMENTS = YES;
				CLANG_WARN_EMPTY_BODY = YES;
				CLANG_WARN_ENUM_CONVERSION = YES;
				CLANG_WARN_INFINITE_RECURSION = YES;
				CLANG_WARN_INT_CONVERSION = YES;
				CLANG_WARN_NON_LITERAL_NULL_CONVERSION = YES;
				CLANG_WARN_OBJC_IMPLICIT_RETAIN_SELF = YES;
				CLANG_WARN_OBJC_LITERAL_CONVERSION = YES;
				CLANG_WARN_OBJC_ROOT_CLASS = YES_ERROR;
				CLANG_WARN_QUOTED_INCLUDE_IN_FRAMEWORK_HEADER = YES;
				CLANG_WARN_RANGE_LOOP_ANALYSIS = YES;
				CLANG_WARN_STRICT_PROTOTYPES = YES;
				CLANG_WARN_SUSPICIOUS_MOVE = YES;
				CLANG_WARN_UNGUARDED_AVAILABILITY = YES_AGGRESSIVE;
				CLANG_WARN_UNREACHABLE_CODE = YES;
				CLANG_WARN__DUPLICATE_METHOD_MATCH = YES;
				COPY_PHASE_STRIP = NO;
				DEBUG_INFORMATION_FORMAT = dwarf;
				ENABLE_STRICT_OBJC_MSGSEND = YES;
				ENABLE_TESTABILITY = YES;
				GCC_C_LANGUAGE_STANDARD = gnu11;
				GCC_DYNAMIC_NO_PIC = NO;
				GCC_NO_COMMON_BLOCKS = YES;
				GCC_OPTIMIZATION_LEVEL = 0;
				GCC_PREPROCESSOR_DEFINITIONS = (
					"DEBUG=1",
					"$(inherited)",
				);
				GCC_WARN_64_TO_32_BIT_CONVERSION = YES;
				GCC_WARN_ABOUT_RETURN_TYPE = YES_ERROR;
				GCC_WARN_UNDECLARED_SELECTOR = YES;
				GCC_WARN_UNINITIALIZED_AUTOS = YES_AGGRESSIVE;
				GCC_WARN_UNUSED_FUNCTION = YES;
				GCC_WARN_UNUSED_VARIABLE = YES;
				IPHONEOS_DEPLOYMENT_TARGET = 16.1;
				MTL_ENABLE_DEBUG_INFO = INCLUDE_SOURCE;
				MTL_FAST_MATH = YES;
				ONLY_ACTIVE_ARCH = YES;
				SDKROOT = iphoneos;
				SWIFT_ACTIVE_COMPILATION_CONDITIONS = DEBUG;
				SWIFT_OPTIMIZATION_LEVEL = "-Onone";
			};
			name = Debug;
		};
		D1FFCD3B298B991800E9B222 /* Release */ = {
			isa = XCBuildConfiguration;
			buildSettings = {
				ALWAYS_SEARCH_USER_PATHS = NO;
				CLANG_ANALYZER_NONNULL = YES;
				CLANG_ANALYZER_NUMBER_OBJECT_CONVERSION = YES_AGGRESSIVE;
				CLANG_CXX_LANGUAGE_STANDARD = "gnu++20";
				CLANG_ENABLE_MODULES = YES;
				CLANG_ENABLE_OBJC_ARC = YES;
				CLANG_ENABLE_OBJC_WEAK = YES;
				CLANG_WARN_BLOCK_CAPTURE_AUTORELEASING = YES;
				CLANG_WARN_BOOL_CONVERSION = YES;
				CLANG_WARN_COMMA = YES;
				CLANG_WARN_CONSTANT_CONVERSION = YES;
				CLANG_WARN_DEPRECATED_OBJC_IMPLEMENTATIONS = YES;
				CLANG_WARN_DIRECT_OBJC_ISA_USAGE = YES_ERROR;
				CLANG_WARN_DOCUMENTATION_COMMENTS = YES;
				CLANG_WARN_EMPTY_BODY = YES;
				CLANG_WARN_ENUM_CONVERSION = YES;
				CLANG_WARN_INFINITE_RECURSION = YES;
				CLANG_WARN_INT_CONVERSION = YES;
				CLANG_WARN_NON_LITERAL_NULL_CONVERSION = YES;
				CLANG_WARN_OBJC_IMPLICIT_RETAIN_SELF = YES;
				CLANG_WARN_OBJC_LITERAL_CONVERSION = YES;
				CLANG_WARN_OBJC_ROOT_CLASS = YES_ERROR;
				CLANG_WARN_QUOTED_INCLUDE_IN_FRAMEWORK_HEADER = YES;
				CLANG_WARN_RANGE_LOOP_ANALYSIS = YES;
				CLANG_WARN_STRICT_PROTOTYPES = YES;
				CLANG_WARN_SUSPICIOUS_MOVE = YES;
				CLANG_WARN_UNGUARDED_AVAILABILITY = YES_AGGRESSIVE;
				CLANG_WARN_UNREACHABLE_CODE = YES;
				CLANG_WARN__DUPLICATE_METHOD_MATCH = YES;
				COPY_PHASE_STRIP = NO;
				DEBUG_INFORMATION_FORMAT = "dwarf-with-dsym";
				ENABLE_NS_ASSERTIONS = NO;
				ENABLE_STRICT_OBJC_MSGSEND = YES;
				GCC_C_LANGUAGE_STANDARD = gnu11;
				GCC_NO_COMMON_BLOCKS = YES;
				GCC_WARN_64_TO_32_BIT_CONVERSION = YES;
				GCC_WARN_ABOUT_RETURN_TYPE = YES_ERROR;
				GCC_WARN_UNDECLARED_SELECTOR = YES;
				GCC_WARN_UNINITIALIZED_AUTOS = YES_AGGRESSIVE;
				GCC_WARN_UNUSED_FUNCTION = YES;
				GCC_WARN_UNUSED_VARIABLE = YES;
				IPHONEOS_DEPLOYMENT_TARGET = 16.1;
				MTL_ENABLE_DEBUG_INFO = NO;
				MTL_FAST_MATH = YES;
				SDKROOT = iphoneos;
				SWIFT_COMPILATION_MODE = wholemodule;
				SWIFT_OPTIMIZATION_LEVEL = "-O";
				VALIDATE_PRODUCT = YES;
			};
			name = Release;
		};
		D1FFCD3D298B991800E9B222 /* Debug */ = {
			isa = XCBuildConfiguration;
			baseConfigurationReference = F184436BBDD162A423CC51D1 /* Pods-iOS Example.debug.xcconfig */;
			buildSettings = {
				ASSETCATALOG_COMPILER_APPICON_NAME = AppIcon;
				ASSETCATALOG_COMPILER_GLOBAL_ACCENT_COLOR_NAME = AccentColor;
				CODE_SIGN_STYLE = Automatic;
				CURRENT_PROJECT_VERSION = 1;
				GENERATE_INFOPLIST_FILE = YES;
				INFOPLIST_FILE = "iOS Example/Info.plist";
				INFOPLIST_KEY_UIApplicationSupportsIndirectInputEvents = YES;
				INFOPLIST_KEY_UILaunchStoryboardName = LaunchScreen;
				INFOPLIST_KEY_UIMainStoryboardFile = Main;
				INFOPLIST_KEY_UISupportedInterfaceOrientations_iPad = "UIInterfaceOrientationPortrait UIInterfaceOrientationPortraitUpsideDown UIInterfaceOrientationLandscapeLeft UIInterfaceOrientationLandscapeRight";
				INFOPLIST_KEY_UISupportedInterfaceOrientations_iPhone = "UIInterfaceOrientationPortrait UIInterfaceOrientationLandscapeLeft UIInterfaceOrientationLandscapeRight";
				IPHONEOS_DEPLOYMENT_TARGET = 11.0;
				LD_RUNPATH_SEARCH_PATHS = (
					"$(inherited)",
					"@executable_path/Frameworks",
				);
				MARKETING_VERSION = 1.0;
				PRODUCT_BUNDLE_IDENTIFIER = "com.galaxy.iOS-Example";
				PRODUCT_NAME = "$(TARGET_NAME)";
				SWIFT_EMIT_LOC_STRINGS = YES;
				SWIFT_VERSION = 5.0;
				TARGETED_DEVICE_FAMILY = "1,2";
			};
			name = Debug;
		};
		D1FFCD3E298B991800E9B222 /* Release */ = {
			isa = XCBuildConfiguration;
			baseConfigurationReference = 98854B7AB56BCEDAC41700D9 /* Pods-iOS Example.release.xcconfig */;
			buildSettings = {
				ASSETCATALOG_COMPILER_APPICON_NAME = AppIcon;
				ASSETCATALOG_COMPILER_GLOBAL_ACCENT_COLOR_NAME = AccentColor;
				CODE_SIGN_STYLE = Automatic;
				CURRENT_PROJECT_VERSION = 1;
				GENERATE_INFOPLIST_FILE = YES;
				INFOPLIST_FILE = "iOS Example/Info.plist";
				INFOPLIST_KEY_UIApplicationSupportsIndirectInputEvents = YES;
				INFOPLIST_KEY_UILaunchStoryboardName = LaunchScreen;
				INFOPLIST_KEY_UIMainStoryboardFile = Main;
				INFOPLIST_KEY_UISupportedInterfaceOrientations_iPad = "UIInterfaceOrientationPortrait UIInterfaceOrientationPortraitUpsideDown UIInterfaceOrientationLandscapeLeft UIInterfaceOrientationLandscapeRight";
				INFOPLIST_KEY_UISupportedInterfaceOrientations_iPhone = "UIInterfaceOrientationPortrait UIInterfaceOrientationLandscapeLeft UIInterfaceOrientationLandscapeRight";
				IPHONEOS_DEPLOYMENT_TARGET = 11.0;
				LD_RUNPATH_SEARCH_PATHS = (
					"$(inherited)",
					"@executable_path/Frameworks",
				);
				MARKETING_VERSION = 1.0;
				PRODUCT_BUNDLE_IDENTIFIER = "com.galaxy.iOS-Example";
				PRODUCT_NAME = "$(TARGET_NAME)";
				SWIFT_EMIT_LOC_STRINGS = YES;
				SWIFT_VERSION = 5.0;
				TARGETED_DEVICE_FAMILY = "1,2";
			};
			name = Release;
		};
/* End XCBuildConfiguration section */

/* Begin XCConfigurationList section */
		D1FFCD23298B991600E9B222 /* Build configuration list for PBXProject "iOS Example" */ = {
			isa = XCConfigurationList;
			buildConfigurations = (
				D1FFCD3A298B991800E9B222 /* Debug */,
				D1FFCD3B298B991800E9B222 /* Release */,
			);
			defaultConfigurationIsVisible = 0;
			defaultConfigurationName = Release;
		};
		D1FFCD3C298B991800E9B222 /* Build configuration list for PBXNativeTarget "iOS Example" */ = {
			isa = XCConfigurationList;
			buildConfigurations = (
				D1FFCD3D298B991800E9B222 /* Debug */,
				D1FFCD3E298B991800E9B222 /* Release */,
			);
			defaultConfigurationIsVisible = 0;
			defaultConfigurationName = Release;
		};
/* End XCConfigurationList section */
	};
	rootObject = D1FFCD20298B991600E9B222 /* Project object */;
}
